<?xml version="1.0" encoding="utf-8"?>
<Project ToolsVersion="4.0" xmlns="http://schemas.microsoft.com/developer/msbuild/2003">
  <ItemGroup>
    <Filter Include="Source Files">
      <UniqueIdentifier>{4FC737F1-C7A5-4376-A066-2A32D752A2FF}</UniqueIdentifier>
      <Extensions>cpp;c;cc;cxx;def;odl;idl;hpj;bat;asm;asmx</Extensions>
    </Filter>
    <Filter Include="Header Files">
      <UniqueIdentifier>{93995380-89BD-4b04-88EB-625FBE52EBFB}</UniqueIdentifier>
      <Extensions>h;hh;hpp;hxx;hm;inl;inc;xsd</Extensions>
    </Filter>
    <Filter Include="Resource Files">
      <UniqueIdentifier>{67DA6AB6-F800-4c08-8B7A-83BB121AAD01}</UniqueIdentifier>
      <Extensions>rc;ico;cur;bmp;dlg;rc2;rct;bin;rgs;gif;jpg;jpeg;jpe;resx;tiff;tif;png;wav;mfcribbon-ms</Extensions>
    </Filter>
  </ItemGroup>
  <ItemGroup>
    <ClCompile Include="..\..\ATIDAQ C Library\ATIDAQ\xmltok.c">
      <Filter>Source Files</Filter>
    </ClCompile>
    <ClCompile Include="..\..\ATIDAQ C Library\ATIDAQ\xmlrole.c">
      <Filter>Source Files</Filter>
    </ClCompile>
    <ClCompile Include="..\..\ATIDAQ C Library\ATIDAQ\xmlparse.c">
      <Filter>Source Files</Filter>
    </ClCompile>
    <ClCompile Include="..\..\ATIDAQ C Library\ATIDAQ\stack.c">
      <Filter>Source Files</Filter>
    </ClCompile>
    <ClCompile Include="..\..\ATIDAQ C Library\ATIDAQ\node.c">
      <Filter>Source Files</Filter>
    </ClCompile>
    <ClCompile Include="..\..\ATIDAQ C Library\ATIDAQ\ftrt.c">
      <Filter>Source Files</Filter>
    </ClCompile>
    <ClCompile Include="..\..\ATIDAQ C Library\ATIDAQ\ftconfig.c">
      <Filter>Source Files</Filter>
    </ClCompile>
    <ClCompile Include="..\..\ATIDAQ C Library\ATIDAQ\expatls.c">
      <Filter>Source Files</Filter>
    </ClCompile>
    <ClCompile Include="..\..\ATIDAQ C Library\ATIDAQ\dom.c">
      <Filter>Source Files</Filter>
    </ClCompile>
    <ClCompile Include="LoadCellClass.cpp">
      <Filter>Source Files</Filter>
    </ClCompile>
    <ClCompile Include="Main.cpp">
      <Filter>Source Files</Filter>
    </ClCompile>
    <ClCompile Include="Bessel.cpp">
      <Filter>Source Files</Filter>
    </ClCompile>
    <ClCompile Include="Biquad.cpp">
      <Filter>Source Files</Filter>
    </ClCompile>
    <ClCompile Include="Butterworth.cpp">
      <Filter>Source Files</Filter>
    </ClCompile>
    <ClCompile Include="Cascade.cpp">
      <Filter>Source Files</Filter>
    </ClCompile>
    <ClCompile Include="ChebyshevI.cpp">
      <Filter>Source Files</Filter>
    </ClCompile>
    <ClCompile Include="ChebyshevII.cpp">
      <Filter>Source Files</Filter>
    </ClCompile>
    <ClCompile Include="Custom.cpp">
      <Filter>Source Files</Filter>
    </ClCompile>
    <ClCompile Include="Design.cpp">
      <Filter>Source Files</Filter>
    </ClCompile>
    <ClCompile Include="Documentation.cpp">
      <Filter>Source Files</Filter>
    </ClCompile>
    <ClCompile Include="Elliptic.cpp">
      <Filter>Source Files</Filter>
    </ClCompile>
    <ClCompile Include="Filter.cpp">
      <Filter>Source Files</Filter>
    </ClCompile>
    <ClCompile Include="Legendre.cpp">
      <Filter>Source Files</Filter>
    </ClCompile>
    <ClCompile Include="Param.cpp">
      <Filter>Source Files</Filter>
    </ClCompile>
    <ClCompile Include="PoleFilter.cpp">
      <Filter>Source Files</Filter>
    </ClCompile>
    <ClCompile Include="RBJ.cpp">
      <Filter>Source Files</Filter>
    </ClCompile>
    <ClCompile Include="RootFinder.cpp">
      <Filter>Source Files</Filter>
    </ClCompile>
    <ClCompile Include="State.cpp">
      <Filter>Source Files</Filter>
    </ClCompile>
  </ItemGroup>
  <ItemGroup>
    <ClInclude Include="..\..\ATIDAQ C Library\ATIDAQ\xmltok_impl.h">
      <Filter>Header Files</Filter>
    </ClInclude>
    <ClInclude Include="..\..\ATIDAQ C Library\ATIDAQ\xmltok.h">
      <Filter>Header Files</Filter>
    </ClInclude>
    <ClInclude Include="..\..\ATIDAQ C Library\ATIDAQ\xmlrole.h">
      <Filter>Header Files</Filter>
    </ClInclude>
    <ClInclude Include="..\..\ATIDAQ C Library\ATIDAQ\xmlparse.h">
      <Filter>Header Files</Filter>
    </ClInclude>
    <ClInclude Include="..\..\ATIDAQ C Library\ATIDAQ\xmldef.h">
      <Filter>Header Files</Filter>
    </ClInclude>
    <ClInclude Include="..\..\ATIDAQ C Library\ATIDAQ\utf8tab.h">
      <Filter>Header Files</Filter>
    </ClInclude>
    <ClInclude Include="..\..\ATIDAQ C Library\ATIDAQ\stack.h">
      <Filter>Header Files</Filter>
    </ClInclude>
    <ClInclude Include="..\..\ATIDAQ C Library\ATIDAQ\nametab.h">
      <Filter>Header Files</Filter>
    </ClInclude>
    <ClInclude Include="..\..\ATIDAQ C Library\ATIDAQ\latin1tab.h">
      <Filter>Header Files</Filter>
    </ClInclude>
    <ClInclude Include="..\..\ATIDAQ C Library\ATIDAQ\iasciitab.h">
      <Filter>Header Files</Filter>
    </ClInclude>
    <ClInclude Include="..\..\ATIDAQ C Library\ATIDAQ\ftsharedrt.h">
      <Filter>Header Files</Filter>
    </ClInclude>
    <ClInclude Include="..\..\ATIDAQ C Library\ATIDAQ\ftrt.h">
      <Filter>Header Files</Filter>
    </ClInclude>
    <ClInclude Include="..\..\ATIDAQ C Library\ATIDAQ\ftconfig.h">
      <Filter>Header Files</Filter>
    </ClInclude>
    <ClInclude Include="..\..\ATIDAQ C Library\ATIDAQ\dom.h">
      <Filter>Header Files</Filter>
    </ClInclude>
    <ClInclude Include="..\..\ATIDAQ C Library\ATIDAQ\asciitab.h">
      <Filter>Header Files</Filter>
    </ClInclude>
    <ClInclude Include="..\..\ATIDAQ C Library\ATIDAQ\ascii.h">
      <Filter>Header Files</Filter>
    </ClInclude>
    <ClInclude Include="LoadCellClass.h">
      <Filter>Header Files</Filter>
    </ClInclude>
    <ClInclude Include="Config.h">
      <Filter>Header Files</Filter>
    </ClInclude>
    <ClInclude Include="DspFilters\Bessel.h">
      <Filter>Header Files</Filter>
    </ClInclude>
    <ClInclude Include="DspFilters\Biquad.h">
      <Filter>Header Files</Filter>
    </ClInclude>
    <ClInclude Include="DspFilters\Butterworth.h">
      <Filter>Header Files</Filter>
    </ClInclude>
    <ClInclude Include="DspFilters\Cascade.h">
      <Filter>Header Files</Filter>
    </ClInclude>
    <ClInclude Include="DspFilters\ChebyshevI.h">
      <Filter>Header Files</Filter>
    </ClInclude>
    <ClInclude Include="DspFilters\ChebyshevII.h">
      <Filter>Header Files</Filter>
    </ClInclude>
    <ClInclude Include="DspFilters\Common.h">
      <Filter>Header Files</Filter>
    </ClInclude>
    <ClInclude Include="DspFilters\Custom.h">
      <Filter>Header Files</Filter>
    </ClInclude>
    <ClInclude Include="DspFilters\Design.h">
      <Filter>Header Files</Filter>
    </ClInclude>
    <ClInclude Include="DspFilters\Dsp.h">
      <Filter>Header Files</Filter>
    </ClInclude>
    <ClInclude Include="DspFilters\Elliptic.h">
      <Filter>Header Files</Filter>
    </ClInclude>
    <ClInclude Include="DspFilters\Filter.h">
      <Filter>Header Files</Filter>
    </ClInclude>
    <ClInclude Include="DspFilters\Layout.h">
      <Filter>Header Files</Filter>
    </ClInclude>
    <ClInclude Include="DspFilters\Legendre.h">
      <Filter>Header Files</Filter>
    </ClInclude>
    <ClInclude Include="DspFilters\MathSupplement.h">
      <Filter>Header Files</Filter>
    </ClInclude>
    <ClInclude Include="DspFilters\Params.h">
      <Filter>Header Files</Filter>
    </ClInclude>
    <ClInclude Include="DspFilters\PoleFilter.h">
      <Filter>Header Files</Filter>
    </ClInclude>
    <ClInclude Include="DspFilters\RBJ.h">
      <Filter>Header Files</Filter>
    </ClInclude>
    <ClInclude Include="DspFilters\RootFinder.h">
      <Filter>Header Files</Filter>
    </ClInclude>
    <ClInclude Include="DspFilters\SmoothedFilter.h">
      <Filter>Header Files</Filter>
    </ClInclude>
    <ClInclude Include="DspFilters\State.h">
      <Filter>Header Files</Filter>
    </ClInclude>
    <ClInclude Include="DspFilters\Types.h">
      <Filter>Header Files</Filter>
    </ClInclude>
    <ClInclude Include="DspFilters\Utilities.h">
      <Filter>Header Files</Filter>
    </ClInclude>
  </ItemGroup>
</Project>