
Microsoft Visual Studio Solution File, Format Version 12.00
# Visual Studio 14
VisualStudioVersion = 14.0.25420.1
MinimumVisualStudioVersion = 10.0.40219.1
Project("{8BC9CEB8-8B4A-11D0-8D11-00A0C91BC942}") = "HexapodControl", "HexapodControl\HexapodControl.vcxproj", "{F5400061-BB7F-421C-AA74-858AB02FE9D6}"
	ProjectSection(ProjectDependencies) = postProject
		{8B5D56D1-F209-44C1-AFE1-321BB787D131} = {8B5D56D1-F209-44C1-AFE1-321BB787D131}
	EndProjectSection
EndProject
Project("{8BC9CEB8-8B4A-11D0-8D11-00A0C91BC942}") = "LoadCell", "LoadCell\LoadCell.vcxproj", "{8B5D56D1-F209-44C1-AFE1-321BB787D131}"
EndProject
Global
	GlobalSection(SolutionConfigurationPlatforms) = preSolution
		Debug|x64 = Debug|x64
		Debug|x86 = Debug|x86
		Release|x64 = Release|x64
		Release|x86 = Release|x86
	EndGlobalSection
	GlobalSection(ProjectConfigurationPlatforms) = postSolution
		{F5400061-BB7F-421C-AA74-858AB02FE9D6}.Debug|x64.ActiveCfg = Debug|x64
		{F5400061-BB7F-421C-AA74-858AB02FE9D6}.Debug|x64.Build.0 = Debug|x64
		{F5400061-BB7F-421C-AA74-858AB02FE9D6}.Debug|x86.ActiveCfg = Debug|Win32
		{F5400061-BB7F-421C-AA74-858AB02FE9D6}.Debug|x86.Build.0 = Debug|Win32
		{F5400061-BB7F-421C-AA74-858AB02FE9D6}.Release|x64.ActiveCfg = Release|x64
		{F5400061-BB7F-421C-AA74-858AB02FE9D6}.Release|x64.Build.0 = Release|x64
		{F5400061-BB7F-421C-AA74-858AB02FE9D6}.Release|x86.ActiveCfg = Release|Win32
		{F5400061-BB7F-421C-AA74-858AB02FE9D6}.Release|x86.Build.0 = Release|Win32
		{8B5D56D1-F209-44C1-AFE1-321BB787D131}.Debug|x64.ActiveCfg = Debug|x64
		{8B5D56D1-F209-44C1-AFE1-321BB787D131}.Debug|x64.Build.0 = Debug|x64
		{8B5D56D1-F209-44C1-AFE1-321BB787D131}.Debug|x86.ActiveCfg = Debug|Win32
		{8B5D56D1-F209-44C1-AFE1-321BB787D131}.Debug|x86.Build.0 = Debug|Win32
		{8B5D56D1-F209-44C1-AFE1-321BB787D131}.Release|x64.ActiveCfg = Release|x64
		{8B5D56D1-F209-44C1-AFE1-321BB787D131}.Release|x64.Build.0 = Release|x64
		{8B5D56D1-F209-44C1-AFE1-321BB787D131}.Release|x86.ActiveCfg = Release|Win32
		{8B5D56D1-F209-44C1-AFE1-321BB787D131}.Release|x86.Build.0 = Release|Win32
	EndGlobalSection
	GlobalSection(SolutionProperties) = preSolution
		HideSolutionNode = FALSE
	EndGlobalSection
EndGlobal
