<?xml version="1.0" encoding="utf-8"?>
<Project ToolsVersion="4.0" xmlns="http://schemas.microsoft.com/developer/msbuild/2003">
  <ItemGroup>
    <Filter Include="Source Files">
      <UniqueIdentifier>{4FC737F1-C7A5-4376-A066-2A32D752A2FF}</UniqueIdentifier>
      <Extensions>cpp;c;cc;cxx;def;odl;idl;hpj;bat;asm;asmx</Extensions>
    </Filter>
    <Filter Include="Header Files">
      <UniqueIdentifier>{93995380-89BD-4b04-88EB-625FBE52EBFB}</UniqueIdentifier>
      <Extensions>h;hh;hpp;hxx;hm;inl;inc;xsd</Extensions>
    </Filter>
    <Filter Include="Resource Files">
      <UniqueIdentifier>{67DA6AB6-F800-4c08-8B7A-83BB121AAD01}</UniqueIdentifier>
      <Extensions>rc;ico;cur;bmp;dlg;rc2;rct;bin;rgs;gif;jpg;jpeg;jpe;resx;tiff;tif;png;wav;mfcribbon-ms</Extensions>
    </Filter>
  </ItemGroup>
  <ItemGroup>
    <ClCompile Include="..\..\..\..\Downloads\DSPFilters-master\DSPFilters-master\shared\DSPFilters\source\Bessel.cpp">
      <Filter>Source Files</Filter>
    </ClCompile>
    <ClCompile Include="..\..\..\..\Downloads\DSPFilters-master\DSPFilters-master\shared\DSPFilters\source\Biquad.cpp">
      <Filter>Source Files</Filter>
    </ClCompile>
    <ClCompile Include="..\..\..\..\Downloads\DSPFilters-master\DSPFilters-master\shared\DSPFilters\source\Butterworth.cpp">
      <Filter>Source Files</Filter>
    </ClCompile>
    <ClCompile Include="..\..\..\..\Downloads\DSPFilters-master\DSPFilters-master\shared\DSPFilters\source\Cascade.cpp">
      <Filter>Source Files</Filter>
    </ClCompile>
    <ClCompile Include="..\..\..\..\Downloads\DSPFilters-master\DSPFilters-master\shared\DSPFilters\source\ChebyshevI.cpp">
      <Filter>Source Files</Filter>
    </ClCompile>
    <ClCompile Include="..\..\..\..\Downloads\DSPFilters-master\DSPFilters-master\shared\DSPFilters\source\ChebyshevII.cpp">
      <Filter>Source Files</Filter>
    </ClCompile>
    <ClCompile Include="..\..\..\..\Downloads\DSPFilters-master\DSPFilters-master\shared\DSPFilters\source\Custom.cpp">
      <Filter>Source Files</Filter>
    </ClCompile>
    <ClCompile Include="..\..\..\..\Downloads\DSPFilters-master\DSPFilters-master\shared\DSPFilters\source\Design.cpp">
      <Filter>Source Files</Filter>
    </ClCompile>
    <ClCompile Include="..\..\..\..\Downloads\DSPFilters-master\DSPFilters-master\shared\DSPFilters\source\Documentation.cpp">
      <Filter>Source Files</Filter>
    </ClCompile>
    <ClCompile Include="..\..\..\..\Downloads\DSPFilters-master\DSPFilters-master\shared\DSPFilters\source\Elliptic.cpp">
      <Filter>Source Files</Filter>
    </ClCompile>
    <ClCompile Include="..\..\..\..\Downloads\DSPFilters-master\DSPFilters-master\shared\DSPFilters\source\Filter.cpp">
      <Filter>Source Files</Filter>
    </ClCompile>
    <ClCompile Include="..\..\..\..\Downloads\DSPFilters-master\DSPFilters-master\shared\DSPFilters\source\Legendre.cpp">
      <Filter>Source Files</Filter>
    </ClCompile>
    <ClCompile Include="..\..\..\..\Downloads\DSPFilters-master\DSPFilters-master\shared\DSPFilters\source\Param.cpp">
      <Filter>Source Files</Filter>
    </ClCompile>
    <ClCompile Include="..\..\..\..\Downloads\DSPFilters-master\DSPFilters-master\shared\DSPFilters\source\PoleFilter.cpp">
      <Filter>Source Files</Filter>
    </ClCompile>
    <ClCompile Include="..\..\..\..\Downloads\DSPFilters-master\DSPFilters-master\shared\DSPFilters\source\RBJ.cpp">
      <Filter>Source Files</Filter>
    </ClCompile>
    <ClCompile Include="..\..\..\..\Downloads\DSPFilters-master\DSPFilters-master\shared\DSPFilters\source\RootFinder.cpp">
      <Filter>Source Files</Filter>
    </ClCompile>
    <ClCompile Include="..\..\..\..\Downloads\DSPFilters-master\DSPFilters-master\shared\DSPFilters\source\State.cpp">
      <Filter>Source Files</Filter>
    </ClCompile>
  </ItemGroup>
  <ItemGroup>
    <ClInclude Include="Bessel.h">
      <Filter>Header Files</Filter>
    </ClInclude>
    <ClInclude Include="Biquad.h">
      <Filter>Header Files</Filter>
    </ClInclude>
    <ClInclude Include="Butterworth.h">
      <Filter>Header Files</Filter>
    </ClInclude>
    <ClInclude Include="Cascade.h">
      <Filter>Header Files</Filter>
    </ClInclude>
    <ClInclude Include="ChebyshevI.h">
      <Filter>Header Files</Filter>
    </ClInclude>
    <ClInclude Include="ChebyshevII.h">
      <Filter>Header Files</Filter>
    </ClInclude>
    <ClInclude Include="Common.h">
      <Filter>Header Files</Filter>
    </ClInclude>
    <ClInclude Include="Custom.h">
      <Filter>Header Files</Filter>
    </ClInclude>
    <ClInclude Include="Design.h">
      <Filter>Header Files</Filter>
    </ClInclude>
    <ClInclude Include="Dsp.h">
      <Filter>Header Files</Filter>
    </ClInclude>
    <ClInclude Include="Elliptic.h">
      <Filter>Header Files</Filter>
    </ClInclude>
    <ClInclude Include="Filter.h">
      <Filter>Header Files</Filter>
    </ClInclude>
    <ClInclude Include="Layout.h">
      <Filter>Header Files</Filter>
    </ClInclude>
    <ClInclude Include="Legendre.h">
      <Filter>Header Files</Filter>
    </ClInclude>
    <ClInclude Include="MathSupplement.h">
      <Filter>Header Files</Filter>
    </ClInclude>
    <ClInclude Include="Params.h">
      <Filter>Header Files</Filter>
    </ClInclude>
    <ClInclude Include="PoleFilter.h">
      <Filter>Header Files</Filter>
    </ClInclude>
    <ClInclude Include="RBJ.h">
      <Filter>Header Files</Filter>
    </ClInclude>
    <ClInclude Include="RootFinder.h">
      <Filter>Header Files</Filter>
    </ClInclude>
    <ClInclude Include="SmoothedFilter.h">
      <Filter>Header Files</Filter>
    </ClInclude>
    <ClInclude Include="State.h">
      <Filter>Header Files</Filter>
    </ClInclude>
    <ClInclude Include="Types.h">
      <Filter>Header Files</Filter>
    </ClInclude>
    <ClInclude Include="Utilities.h">
      <Filter>Header Files</Filter>
    </ClInclude>
  </ItemGroup>
</Project>